
Microsoft Visual Studio Solution File, Format Version 12.00
# Visual Studio Version 16
VisualStudioVersion = 16.0.32407.337
MinimumVisualStudioVersion = 10.0.40219.1
Project("{FAE04EC0-301F-11D3-BF4B-00C04F79EFBC}") = "EjercicioNumerosprimos.Entidades", "EjercicioNumerosprimos.Entidades\EjercicioNumerosprimos.Entidades.csproj", "{B1142393-429B-4CD0-9E41-9DB39B34B86B}"
EndProject
Project("{FAE04EC0-301F-11D3-BF4B-00C04F79EFBC}") = "Ejercicio3NumerosPrimos.Consola", "Ejercicio3NumerosPrimos.Consola\Ejercicio3NumerosPrimos.Consola.csproj", "{053D1BE7-8A2A-475B-BF06-273E61DCF036}"
EndProject
Global
	GlobalSection(SolutionConfigurationPlatforms) = preSolution
		Debug|Any CPU = Debug|Any CPU
		Release|Any CPU = Release|Any CPU
	EndGlobalSection
	GlobalSection(ProjectConfigurationPlatforms) = postSolution
		{B1142393-429B-4CD0-9E41-9DB39B34B86B}.Debug|Any CPU.ActiveCfg = Debug|Any CPU
		{B1142393-429B-4CD0-9E41-9DB39B34B86B}.Debug|Any CPU.Build.0 = Debug|Any CPU
		{B1142393-429B-4CD0-9E41-9DB39B34B86B}.Release|Any CPU.ActiveCfg = Release|Any CPU
		{B1142393-429B-4CD0-9E41-9DB39B34B86B}.Release|Any CPU.Build.0 = Release|Any CPU
		{053D1BE7-8A2A-475B-BF06-273E61DCF036}.Debug|Any CPU.ActiveCfg = Debug|Any CPU
		{053D1BE7-8A2A-475B-BF06-273E61DCF036}.Debug|Any CPU.Build.0 = Debug|Any CPU
		{053D1BE7-8A2A-475B-BF06-273E61DCF036}.Release|Any CPU.ActiveCfg = Release|Any CPU
		{053D1BE7-8A2A-475B-BF06-273E61DCF036}.Release|Any CPU.Build.0 = Release|Any CPU
	EndGlobalSection
	GlobalSection(SolutionProperties) = preSolution
		HideSolutionNode = FALSE
	EndGlobalSection
	GlobalSection(ExtensibilityGlobals) = postSolution
		SolutionGuid = {651D3390-362A-445E-8A06-01E254BF4765}
	EndGlobalSection
EndGlobal
